
Microsoft Visual Studio Solution File, Format Version 12.00
# Visual Studio 15
VisualStudioVersion = 15.0.27130.2036
MinimumVisualStudioVersion = 10.0.40219.1
Project("{FAE04EC0-301F-11D3-BF4B-00C04F79EFBC}") = "DemoConnector", "DemoConnector\DemoConnector.csproj", "{0A4DB7A5-1996-4DFC-AFDF-55103DDB3899}"
EndProject
Project("{FAE04EC0-301F-11D3-BF4B-00C04F79EFBC}") = "TestApplicatie", "TestApplicatie\TestApplicatie.csproj", "{62C2A668-63A1-4BCA-B27A-23A61A70EC5A}"
EndProject
Project("{FAE04EC0-301F-11D3-BF4B-00C04F79EFBC}") = "TwinfieldTests", "TwinfieldTests\TwinfieldTests.csproj", "{9B175941-FE40-4DA8-8B12-F7A64CA399B6}"
EndProject
Global
	GlobalSection(SolutionConfigurationPlatforms) = preSolution
		Debug|Any CPU = Debug|Any CPU
		Release|Any CPU = Release|Any CPU
	EndGlobalSection
	GlobalSection(ProjectConfigurationPlatforms) = postSolution
		{0A4DB7A5-1996-4DFC-AFDF-55103DDB3899}.Debug|Any CPU.ActiveCfg = Debug|Any CPU
		{0A4DB7A5-1996-4DFC-AFDF-55103DDB3899}.Debug|Any CPU.Build.0 = Debug|Any CPU
		{0A4DB7A5-1996-4DFC-AFDF-55103DDB3899}.Release|Any CPU.ActiveCfg = Release|Any CPU
		{0A4DB7A5-1996-4DFC-AFDF-55103DDB3899}.Release|Any CPU.Build.0 = Release|Any CPU
		{62C2A668-63A1-4BCA-B27A-23A61A70EC5A}.Debug|Any CPU.ActiveCfg = Debug|Any CPU
		{62C2A668-63A1-4BCA-B27A-23A61A70EC5A}.Debug|Any CPU.Build.0 = Debug|Any CPU
		{62C2A668-63A1-4BCA-B27A-23A61A70EC5A}.Release|Any CPU.ActiveCfg = Release|Any CPU
		{62C2A668-63A1-4BCA-B27A-23A61A70EC5A}.Release|Any CPU.Build.0 = Release|Any CPU
		{9B175941-FE40-4DA8-8B12-F7A64CA399B6}.Debug|Any CPU.ActiveCfg = Debug|Any CPU
		{9B175941-FE40-4DA8-8B12-F7A64CA399B6}.Debug|Any CPU.Build.0 = Debug|Any CPU
		{9B175941-FE40-4DA8-8B12-F7A64CA399B6}.Release|Any CPU.ActiveCfg = Release|Any CPU
		{9B175941-FE40-4DA8-8B12-F7A64CA399B6}.Release|Any CPU.Build.0 = Release|Any CPU
	EndGlobalSection
	GlobalSection(SolutionProperties) = preSolution
		HideSolutionNode = FALSE
	EndGlobalSection
	GlobalSection(ExtensibilityGlobals) = postSolution
		SolutionGuid = {C02F69EF-5531-4C87-A56F-CCC652F02138}
	EndGlobalSection
EndGlobal
